
Microsoft Visual Studio Solution File, Format Version 12.00
# Visual Studio Version 16
VisualStudioVersion = 16.0.30523.141
MinimumVisualStudioVersion = 10.0.40219.1
Project("{FAE04EC0-301F-11D3-BF4B-00C04F79EFBC}") = "lekce 6, úkol Banka- Interface", "lekce 6, úkol Banka- Interface\lekce 6, úkol Banka- Interface.csproj", "{61CF8D35-05EF-4662-8E94-F14C1FE96731}"
EndProject
Global
	GlobalSection(SolutionConfigurationPlatforms) = preSolution
		Debug|Any CPU = Debug|Any CPU
		Release|Any CPU = Release|Any CPU
	EndGlobalSection
	GlobalSection(ProjectConfigurationPlatforms) = postSolution
		{61CF8D35-05EF-4662-8E94-F14C1FE96731}.Debug|Any CPU.ActiveCfg = Debug|Any CPU
		{61CF8D35-05EF-4662-8E94-F14C1FE96731}.Debug|Any CPU.Build.0 = Debug|Any CPU
		{61CF8D35-05EF-4662-8E94-F14C1FE96731}.Release|Any CPU.ActiveCfg = Release|Any CPU
		{61CF8D35-05EF-4662-8E94-F14C1FE96731}.Release|Any CPU.Build.0 = Release|Any CPU
	EndGlobalSection
	GlobalSection(SolutionProperties) = preSolution
		HideSolutionNode = FALSE
	EndGlobalSection
	GlobalSection(ExtensibilityGlobals) = postSolution
		SolutionGuid = {E2E12226-C329-438C-8740-F8BCD69F40D4}
	EndGlobalSection
EndGlobal
